// !$*UTF8*$!
{
	archiveVersion = 1;
	classes = {
	};
	objectVersion = 46;
	objects = {

/* Begin PBXBuildFile section */
		1E663BF01F32341F00A5913D /* AppDelegate.swift in Sources */ = {isa = PBXBuildFile; fileRef = 1E663BEF1F32341F00A5913D /* AppDelegate.swift */; };
		1E663BF21F32341F00A5913D /* ViewController.swift in Sources */ = {isa = PBXBuildFile; fileRef = 1E663BF11F32341F00A5913D /* ViewController.swift */; };
		1E663BF51F32341F00A5913D /* Main.storyboard in Resources */ = {isa = PBXBuildFile; fileRef = 1E663BF31F32341F00A5913D /* Main.storyboard */; };
		1E663BF71F32341F00A5913D /* Assets.xcassets in Resources */ = {isa = PBXBuildFile; fileRef = 1E663BF61F32341F00A5913D /* Assets.xcassets */; };
		1E663BFA1F32341F00A5913D /* LaunchScreen.storyboard in Resources */ = {isa = PBXBuildFile; fileRef = 1E663BF81F32341F00A5913D /* LaunchScreen.storyboard */; };
		1E663C021F323F0200A5913D /* KalcModel.swift in Sources */ = {isa = PBXBuildFile; fileRef = 1E663C011F323F0200A5913D /* KalcModel.swift */; };
/* End PBXBuildFile section */

/* Begin PBXFileReference section */
		1E663BEC1F32341F00A5913D /* Kalc.app */ = {isa = PBXFileReference; explicitFileType = wrapper.application; includeInIndex = 0; path = Kalc.app; sourceTree = BUILT_PRODUCTS_DIR; };
		1E663BEF1F32341F00A5913D /* AppDelegate.swift */ = {isa = PBXFileReference; lastKnownFileType = sourcecode.swift; path = AppDelegate.swift; sourceTree = "<group>"; };
		1E663BF11F32341F00A5913D /* ViewController.swift */ = {isa = PBXFileReference; lastKnownFileType = sourcecode.swift; path = ViewController.swift; sourceTree = "<group>"; };
		1E663BF41F32341F00A5913D /* Base */ = {isa = PBXFileReference; lastKnownFileType = file.storyboard; name = Base; path = Base.lproj/Main.storyboard; sourceTree = "<group>"; };
		1E663BF61F32341F00A5913D /* Assets.xcassets */ = {isa = PBXFileReference; lastKnownFileType = folder.assetcatalog; path = Assets.xcassets; sourceTree = "<group>"; };
		1E663BF91F32341F00A5913D /* Base */ = {isa = PBXFileReference; lastKnownFileType = file.storyboard; name = Base; path = Base.lproj/LaunchScreen.storyboard; sourceTree = "<group>"; };
		1E663BFB1F32341F00A5913D /* Info.plist */ = {isa = PBXFileReference; lastKnownFileType = text.plist.xml; path = Info.plist; sourceTree = "<group>"; };
		1E663C011F323F0200A5913D /* KalcModel.swift */ = {isa = PBXFileReference; fileEncoding = 4; lastKnownFileType = sourcecode.swift; path = KalcModel.swift; sourceTree = "<group>"; };
/* End PBXFileReference section */

/* Begin PBXFrameworksBuildPhase section */
		1E663BE91F32341F00A5913D /* Frameworks */ = {
			isa = PBXFrameworksBuildPhase;
			buildActionMask = 2147483647;
			files = (
			);
			runOnlyForDeploymentPostprocessing = 0;
		};
/* End PBXFrameworksBuildPhase section */

/* Begin PBXGroup section */
		1E663BE31F32341F00A5913D = {
			isa = PBXGroup;
			children = (
				1E663BEE1F32341F00A5913D /* Kalc */,
				1E663BED1F32341F00A5913D /* Products */,
			);
			sourceTree = "<group>";
		};
		1E663BED1F32341F00A5913D /* Products */ = {
			isa = PBXGroup;
			children = (
				1E663BEC1F32341F00A5913D /* Kalc.app */,
			);
			name = Products;
			sourceTree = "<group>";
		};
		1E663BEE1F32341F00A5913D /* Kalc */ = {
			isa = PBXGroup;
			children = (
				1E663BEF1F32341F00A5913D /* AppDelegate.swift */,
				1E663BF11F32341F00A5913D /* ViewController.swift */,
				1E663BF31F32341F00A5913D /* Main.storyboard */,
				1E663C011F323F0200A5913D /* KalcModel.swift */,
				1E663BF61F32341F00A5913D /* Assets.xcassets */,
				1E663BF81F32341F00A5913D /* LaunchScreen.storyboard */,
				1E663BFB1F32341F00A5913D /* Info.plist */,
			);
			path = Kalc;
			sourceTree = "<group>";
		};
/* End PBXGroup section */

/* Begin PBXNativeTarget section */
		1E663BEB1F32341F00A5913D /* Kalc */ = {
			isa = PBXNativeTarget;
			buildConfigurationList = 1E663BFE1F32341F00A5913D /* Build configuration list for PBXNativeTarget "Kalc" */;
			buildPhases = (
				1E663BE81F32341F00A5913D /* Sources */,
				1E663BE91F32341F00A5913D /* Frameworks */,
				1E663BEA1F32341F00A5913D /* Resources */,
			);
			buildRules = (
			);
			dependencies = (
			);
			name = Kalc;
			productName = Kalc;
			productReference = 1E663BEC1F32341F00A5913D /* Kalc.app */;
			productType = "com.apple.product-type.application";
		};
/* End PBXNativeTarget section */

/* Begin PBXProject section */
		1E663BE41F32341F00A5913D /* Project object */ = {
			isa = PBXProject;
			attributes = {
				LastSwiftUpdateCheck = 0830;
				LastUpgradeCheck = 0830;
				ORGANIZATIONNAME = "Lucas Bordini Ribeiro de Araujo";
				TargetAttributes = {
					1E663BEB1F32341F00A5913D = {
						CreatedOnToolsVersion = 8.3.1;
						ProvisioningStyle = Automatic;
					};
				};
			};
			buildConfigurationList = 1E663BE71F32341F00A5913D /* Build configuration list for PBXProject "Kalc" */;
			compatibilityVersion = "Xcode 3.2";
			developmentRegion = English;
			hasScannedForEncodings = 0;
			knownRegions = (
				en,
				Base,
			);
			mainGroup = 1E663BE31F32341F00A5913D;
			productRefGroup = 1E663BED1F32341F00A5913D /* Products */;
			projectDirPath = "";
			projectRoot = "";
			targets = (
				1E663BEB1F32341F00A5913D /* Kalc */,
			);
		};
/* End PBXProject section */

/* Begin PBXResourcesBuildPhase section */
		1E663BEA1F32341F00A5913D /* Resources */ = {
			isa = PBXResourcesBuildPhase;
			buildActionMask = 2147483647;
			files = (
				1E663BFA1F32341F00A5913D /* LaunchScreen.storyboard in Resources */,
				1E663BF71F32341F00A5913D /* Assets.xcassets in Resources */,
				1E663BF51F32341F00A5913D /* Main.storyboard in Resources */,
			);
			runOnlyForDeploymentPostprocessing = 0;
		};
/* End PBXResourcesBuildPhase section */

/* Begin PBXSourcesBuildPhase section */
		1E663BE81F32341F00A5913D /* Sources */ = {
			isa = PBXSourcesBuildPhase;
			buildActionMask = 2147483647;
			files = (
				1E663C021F323F0200A5913D /* KalcModel.swift in Sources */,
				1E663BF21F32341F00A5913D /* ViewController.swift in Sources */,
				1E663BF01F32341F00A5913D /* AppDelegate.swift in Sources */,
			);
			runOnlyForDeploymentPostprocessing = 0;
		};
/* End PBXSourcesBuildPhase section */

/* Begin PBXVariantGroup section */
		1E663BF31F32341F00A5913D /* Main.storyboard */ = {
			isa = PBXVariantGroup;
			children = (
				1E663BF41F32341F00A5913D /* Base */,
			);
			name = Main.storyboard;
			sourceTree = "<group>";
		};
		1E663BF81F32341F00A5913D /* LaunchScreen.storyboard */ = {
			isa = PBXVariantGroup;
			children = (
				1E663BF91F32341F00A5913D /* Base */,
			);
			name = LaunchScreen.storyboard;
			sourceTree = "<group>";
		};
/* End PBXVariantGroup section */

/* Begin XCBuildConfiguration section */
		1E663BFC1F32341F00A5913D /* Debug */ = {
			isa = XCBuildConfiguration;
			buildSettings = {
				ALWAYS_SEARCH_USER_PATHS = NO;
				CLANG_ANALYZER_NONNULL = YES;
				CLANG_ANALYZER_NUMBER_OBJECT_CONVERSION = YES_AGGRESSIVE;
				CLANG_CXX_LANGUAGE_STANDARD = "gnu++0x";
				CLANG_CXX_LIBRARY = "libc++";
				CLANG_ENABLE_MODULES = YES;
				CLANG_ENABLE_OBJC_ARC = YES;
				CLANG_WARN_BOOL_CONVERSION = YES;
				CLANG_WARN_CONSTANT_CONVERSION = YES;
				CLANG_WARN_DIRECT_OBJC_ISA_USAGE = YES_ERROR;
				CLANG_WARN_DOCUMENTATION_COMMENTS = YES;
				CLANG_WARN_EMPTY_BODY = YES;
				CLANG_WARN_ENUM_CONVERSION = YES;
				CLANG_WARN_INFINITE_RECURSION = YES;
				CLANG_WARN_INT_CONVERSION = YES;
				CLANG_WARN_OBJC_ROOT_CLASS = YES_ERROR;
				CLANG_WARN_SUSPICIOUS_MOVE = YES;
				CLANG_WARN_UNREACHABLE_CODE = YES;
				CLANG_WARN__DUPLICATE_METHOD_MATCH = YES;
				"CODE_SIGN_IDENTITY[sdk=iphoneos*]" = "iPhone Developer";
				COPY_PHASE_STRIP = NO;
				DEBUG_INFORMATION_FORMAT = dwarf;
				ENABLE_STRICT_OBJC_MSGSEND = YES;
				ENABLE_TESTABILITY = YES;
				GCC_C_LANGUAGE_STANDARD = gnu99;
				GCC_DYNAMIC_NO_PIC = NO;
				GCC_NO_COMMON_BLOCKS = YES;
				GCC_OPTIMIZATION_LEVEL = 0;
				GCC_PREPROCESSOR_DEFINITIONS = (
					"DEBUG=1",
					"$(inherited)",
				);
				GCC_WARN_64_TO_32_BIT_CONVERSION = YES;
				GCC_WARN_ABOUT_RETURN_TYPE = YES_ERROR;
				GCC_WARN_UNDECLARED_SELECTOR = YES;
				GCC_WARN_UNINITIALIZED_AUTOS = YES_AGGRESSIVE;
				GCC_WARN_UNUSED_FUNCTION = YES;
				GCC_WARN_UNUSED_VARIABLE = YES;
				IPHONEOS_DEPLOYMENT_TARGET = 10.3;
				MTL_ENABLE_DEBUG_INFO = YES;
				ONLY_ACTIVE_ARCH = YES;
				SDKROOT = iphoneos;
				SWIFT_ACTIVE_COMPILATION_CONDITIONS = DEBUG;
				SWIFT_OPTIMIZATION_LEVEL = "-Onone";
			};
			name = Debug;
		};
		1E663BFD1F32341F00A5913D /* Release */ = {
			isa = XCBuildConfiguration;
			buildSettings = {
				ALWAYS_SEARCH_USER_PATHS = NO;
				CLANG_ANALYZER_NONNULL = YES;
				CLANG_ANALYZER_NUMBER_OBJECT_CONVERSION = YES_AGGRESSIVE;
				CLANG_CXX_LANGUAGE_STANDARD = "gnu++0x";
				CLANG_CXX_LIBRARY = "libc++";
				CLANG_ENABLE_MODULES = YES;
				CLANG_ENABLE_OBJC_ARC = YES;
				CLANG_WARN_BOOL_CONVERSION = YES;
				CLANG_WARN_CONSTANT_CONVERSION = YES;
				CLANG_WARN_DIRECT_OBJC_ISA_USAGE = YES_ERROR;
				CLANG_WARN_DOCUMENTATION_COMMENTS = YES;
				CLANG_WARN_EMPTY_BODY = YES;
				CLANG_WARN_ENUM_CONVERSION = YES;
				CLANG_WARN_INFINITE_RECURSION = YES;
				CLANG_WARN_INT_CONVERSION = YES;
				CLANG_WARN_OBJC_ROOT_CLASS = YES_ERROR;
				CLANG_WARN_SUSPICIOUS_MOVE = YES;
				CLANG_WARN_UNREACHABLE_CODE = YES;
				CLANG_WARN__DUPLICATE_METHOD_MATCH = YES;
				"CODE_SIGN_IDENTITY[sdk=iphoneos*]" = "iPhone Developer";
				COPY_PHASE_STRIP = NO;
				DEBUG_INFORMATION_FORMAT = "dwarf-with-dsym";
				ENABLE_NS_ASSERTIONS = NO;
				ENABLE_STRICT_OBJC_MSGSEND = YES;
				GCC_C_LANGUAGE_STANDARD = gnu99;
				GCC_NO_COMMON_BLOCKS = YES;
				GCC_WARN_64_TO_32_BIT_CONVERSION = YES;
				GCC_WARN_ABOUT_RETURN_TYPE = YES_ERROR;
				GCC_WARN_UNDECLARED_SELECTOR = YES;
				GCC_WARN_UNINITIALIZED_AUTOS = YES_AGGRESSIVE;
				GCC_WARN_UNUSED_FUNCTION = YES;
				GCC_WARN_UNUSED_VARIABLE = YES;
				IPHONEOS_DEPLOYMENT_TARGET = 10.3;
				MTL_ENABLE_DEBUG_INFO = NO;
				SDKROOT = iphoneos;
				SWIFT_OPTIMIZATION_LEVEL = "-Owholemodule";
				VALIDATE_PRODUCT = YES;
			};
			name = Release;
		};
		1E663BFF1F32341F00A5913D /* Debug */ = {
			isa = XCBuildConfiguration;
			buildSettings = {
				ASSETCATALOG_COMPILER_APPICON_NAME = AppIcon;
				INFOPLIST_FILE = Kalc/Info.plist;
				LD_RUNPATH_SEARCH_PATHS = "$(inherited) @executable_path/Frameworks";
				PRODUCT_BUNDLE_IDENTIFIER = xcode.Kalc;
				PRODUCT_NAME = "$(TARGET_NAME)";
				SWIFT_VERSION = 3.0;
			};
			name = Debug;
		};
		1E663C001F32341F00A5913D /* Release */ = {
			isa = XCBuildConfiguration;
			buildSettings = {
				ASSETCATALOG_COMPILER_APPICON_NAME = AppIcon;
				INFOPLIST_FILE = Kalc/Info.plist;
				LD_RUNPATH_SEARCH_PATHS = "$(inherited) @executable_path/Frameworks";
				PRODUCT_BUNDLE_IDENTIFIER = xcode.Kalc;
				PRODUCT_NAME = "$(TARGET_NAME)";
				SWIFT_VERSION = 3.0;
			};
			name = Release;
		};
/* End XCBuildConfiguration section */

/* Begin XCConfigurationList section */
		1E663BE71F32341F00A5913D /* Build configuration list for PBXProject "Kalc" */ = {
			isa = XCConfigurationList;
			buildConfigurations = (
				1E663BFC1F32341F00A5913D /* Debug */,
				1E663BFD1F32341F00A5913D /* Release */,
			);
			defaultConfigurationIsVisible = 0;
			defaultConfigurationName = Release;
		};
		1E663BFE1F32341F00A5913D /* Build configuration list for PBXNativeTarget "Kalc" */ = {
			isa = XCConfigurationList;
			buildConfigurations = (
				1E663BFF1F32341F00A5913D /* Debug */,
				1E663C001F32341F00A5913D /* Release */,
			);
			defaultConfigurationIsVisible = 0;
		};
/* End XCConfigurationList section */
	};
	rootObject = 1E663BE41F32341F00A5913D /* Project object */;
}
